
Microsoft Visual Studio Solution File, Format Version 12.00
# Visual Studio Version 17
VisualStudioVersion = 17.11.35327.3
MinimumVisualStudioVersion = 10.0.40219.1
Project("{2150E333-8FDC-42A3-9474-1A3956D46DE8}") = "Services", "Services", "{259BA91D-8236-4F4F-AC06-42FC93295312}"
EndProject
Project("{2150E333-8FDC-42A3-9474-1A3956D46DE8}") = "Catalog", "Catalog", "{D71FF183-454C-4D5C-98E8-C1D4BD9F5A47}"
EndProject
Project("{9A19103F-16F7-4668-BE54-9A1E7A4F7556}") = "Catalog.API", "src\Services\Catalog\Catalog.API\Catalog.API.csproj", "{F57FDAC8-C8F3-4B11-BD2A-46E903CE4478}"
EndProject
Project("{2150E333-8FDC-42A3-9474-1A3956D46DE8}") = "BuildingBlocks", "BuildingBlocks", "{010374D6-DDF2-4B07-B4D2-72CB64BDE9C0}"
EndProject
Project("{9A19103F-16F7-4668-BE54-9A1E7A4F7556}") = "BuildingBlocks", "src\BuildingBlocks\BuildingBlocks\BuildingBlocks.csproj", "{3B0C5DD7-2226-487A-9A0D-14F22C2EE93E}"
EndProject
Project("{E53339B2-1760-4266-BCC7-CA923CBCF16C}") = "docker-compose", "docker-compose.dcproj", "{F085ECB0-77C1-4859-978E-FB5F19C21CBC}"
EndProject
Project("{2150E333-8FDC-42A3-9474-1A3956D46DE8}") = "Basket", "Basket", "{1BEA305F-6D5E-4AE2-9FF7-FEAECAEF0C23}"
EndProject
Project("{9A19103F-16F7-4668-BE54-9A1E7A4F7556}") = "Basket.API", "src\Services\Basket\Basket.API\Basket.API.csproj", "{12D32C31-094D-4997-A185-594F3B7252AB}"
EndProject
Project("{2150E333-8FDC-42A3-9474-1A3956D46DE8}") = "Discount", "Discount", "{A9079295-15E3-4EDB-9744-C5091BC9FC61}"
EndProject
Project("{FAE04EC0-301F-11D3-BF4B-00C04F79EFBC}") = "Discount.Grpc", "src\Services\Discount\Discount.Grpc\Discount.Grpc.csproj", "{E5CAD730-BD7D-4AEE-A433-1EB9E98B93ED}"
EndProject
Project("{2150E333-8FDC-42A3-9474-1A3956D46DE8}") = "Ordering", "Ordering", "{4304A087-23EC-4A1A-8C8A-FF3C3BC349E4}"
EndProject
Project("{FAE04EC0-301F-11D3-BF4B-00C04F79EFBC}") = "Ordering.API", "src\Services\Ordering\Ordering.API\Ordering.API.csproj", "{332F318B-A325-48E2-B0BF-3D137D2A6B6E}"
EndProject
Project("{FAE04EC0-301F-11D3-BF4B-00C04F79EFBC}") = "Ordering.Domain", "src\Services\Ordering\Ordering.Domain\Ordering.Domain.csproj", "{C1CF5A81-EA94-465C-AFD3-042D672BEFA3}"
EndProject
Project("{FAE04EC0-301F-11D3-BF4B-00C04F79EFBC}") = "Ordering.Application", "src\Services\Ordering\Ordering.Application\Ordering.Application.csproj", "{628B28AD-6681-400E-AFC9-115D755528B1}"
EndProject
Project("{FAE04EC0-301F-11D3-BF4B-00C04F79EFBC}") = "Ordering.Infrastructure", "src\Services\Ordering\Ordering.Infrastructure\Ordering.Infrastructure.csproj", "{0E4479EA-3EDC-444B-97A0-93A9FC6639E2}"
EndProject
Global
	GlobalSection(SolutionConfigurationPlatforms) = preSolution
		Debug|Any CPU = Debug|Any CPU
		Release|Any CPU = Release|Any CPU
	EndGlobalSection
	GlobalSection(ProjectConfigurationPlatforms) = postSolution
		{F57FDAC8-C8F3-4B11-BD2A-46E903CE4478}.Debug|Any CPU.ActiveCfg = Debug|Any CPU
		{F57FDAC8-C8F3-4B11-BD2A-46E903CE4478}.Debug|Any CPU.Build.0 = Debug|Any CPU
		{F57FDAC8-C8F3-4B11-BD2A-46E903CE4478}.Release|Any CPU.ActiveCfg = Release|Any CPU
		{F57FDAC8-C8F3-4B11-BD2A-46E903CE4478}.Release|Any CPU.Build.0 = Release|Any CPU
		{3B0C5DD7-2226-487A-9A0D-14F22C2EE93E}.Debug|Any CPU.ActiveCfg = Debug|Any CPU
		{3B0C5DD7-2226-487A-9A0D-14F22C2EE93E}.Debug|Any CPU.Build.0 = Debug|Any CPU
		{3B0C5DD7-2226-487A-9A0D-14F22C2EE93E}.Release|Any CPU.ActiveCfg = Release|Any CPU
		{3B0C5DD7-2226-487A-9A0D-14F22C2EE93E}.Release|Any CPU.Build.0 = Release|Any CPU
		{F085ECB0-77C1-4859-978E-FB5F19C21CBC}.Debug|Any CPU.ActiveCfg = Debug|Any CPU
		{F085ECB0-77C1-4859-978E-FB5F19C21CBC}.Debug|Any CPU.Build.0 = Debug|Any CPU
		{F085ECB0-77C1-4859-978E-FB5F19C21CBC}.Release|Any CPU.ActiveCfg = Release|Any CPU
		{F085ECB0-77C1-4859-978E-FB5F19C21CBC}.Release|Any CPU.Build.0 = Release|Any CPU
		{12D32C31-094D-4997-A185-594F3B7252AB}.Debug|Any CPU.ActiveCfg = Debug|Any CPU
		{12D32C31-094D-4997-A185-594F3B7252AB}.Debug|Any CPU.Build.0 = Debug|Any CPU
		{12D32C31-094D-4997-A185-594F3B7252AB}.Release|Any CPU.ActiveCfg = Release|Any CPU
		{12D32C31-094D-4997-A185-594F3B7252AB}.Release|Any CPU.Build.0 = Release|Any CPU
		{E5CAD730-BD7D-4AEE-A433-1EB9E98B93ED}.Debug|Any CPU.ActiveCfg = Debug|Any CPU
		{E5CAD730-BD7D-4AEE-A433-1EB9E98B93ED}.Debug|Any CPU.Build.0 = Debug|Any CPU
		{E5CAD730-BD7D-4AEE-A433-1EB9E98B93ED}.Release|Any CPU.ActiveCfg = Release|Any CPU
		{E5CAD730-BD7D-4AEE-A433-1EB9E98B93ED}.Release|Any CPU.Build.0 = Release|Any CPU
		{332F318B-A325-48E2-B0BF-3D137D2A6B6E}.Debug|Any CPU.ActiveCfg = Debug|Any CPU
		{332F318B-A325-48E2-B0BF-3D137D2A6B6E}.Debug|Any CPU.Build.0 = Debug|Any CPU
		{332F318B-A325-48E2-B0BF-3D137D2A6B6E}.Release|Any CPU.ActiveCfg = Release|Any CPU
		{332F318B-A325-48E2-B0BF-3D137D2A6B6E}.Release|Any CPU.Build.0 = Release|Any CPU
		{C1CF5A81-EA94-465C-AFD3-042D672BEFA3}.Debug|Any CPU.ActiveCfg = Debug|Any CPU
		{C1CF5A81-EA94-465C-AFD3-042D672BEFA3}.Debug|Any CPU.Build.0 = Debug|Any CPU
		{C1CF5A81-EA94-465C-AFD3-042D672BEFA3}.Release|Any CPU.ActiveCfg = Release|Any CPU
		{C1CF5A81-EA94-465C-AFD3-042D672BEFA3}.Release|Any CPU.Build.0 = Release|Any CPU
		{628B28AD-6681-400E-AFC9-115D755528B1}.Debug|Any CPU.ActiveCfg = Debug|Any CPU
		{628B28AD-6681-400E-AFC9-115D755528B1}.Debug|Any CPU.Build.0 = Debug|Any CPU
		{628B28AD-6681-400E-AFC9-115D755528B1}.Release|Any CPU.ActiveCfg = Release|Any CPU
		{628B28AD-6681-400E-AFC9-115D755528B1}.Release|Any CPU.Build.0 = Release|Any CPU
		{0E4479EA-3EDC-444B-97A0-93A9FC6639E2}.Debug|Any CPU.ActiveCfg = Debug|Any CPU
		{0E4479EA-3EDC-444B-97A0-93A9FC6639E2}.Debug|Any CPU.Build.0 = Debug|Any CPU
		{0E4479EA-3EDC-444B-97A0-93A9FC6639E2}.Release|Any CPU.ActiveCfg = Release|Any CPU
		{0E4479EA-3EDC-444B-97A0-93A9FC6639E2}.Release|Any CPU.Build.0 = Release|Any CPU
	EndGlobalSection
	GlobalSection(SolutionProperties) = preSolution
		HideSolutionNode = FALSE
	EndGlobalSection
	GlobalSection(NestedProjects) = preSolution
		{D71FF183-454C-4D5C-98E8-C1D4BD9F5A47} = {259BA91D-8236-4F4F-AC06-42FC93295312}
		{F57FDAC8-C8F3-4B11-BD2A-46E903CE4478} = {D71FF183-454C-4D5C-98E8-C1D4BD9F5A47}
		{3B0C5DD7-2226-487A-9A0D-14F22C2EE93E} = {010374D6-DDF2-4B07-B4D2-72CB64BDE9C0}
		{1BEA305F-6D5E-4AE2-9FF7-FEAECAEF0C23} = {259BA91D-8236-4F4F-AC06-42FC93295312}
		{12D32C31-094D-4997-A185-594F3B7252AB} = {1BEA305F-6D5E-4AE2-9FF7-FEAECAEF0C23}
		{A9079295-15E3-4EDB-9744-C5091BC9FC61} = {259BA91D-8236-4F4F-AC06-42FC93295312}
		{E5CAD730-BD7D-4AEE-A433-1EB9E98B93ED} = {A9079295-15E3-4EDB-9744-C5091BC9FC61}
		{4304A087-23EC-4A1A-8C8A-FF3C3BC349E4} = {259BA91D-8236-4F4F-AC06-42FC93295312}
		{332F318B-A325-48E2-B0BF-3D137D2A6B6E} = {4304A087-23EC-4A1A-8C8A-FF3C3BC349E4}
		{C1CF5A81-EA94-465C-AFD3-042D672BEFA3} = {4304A087-23EC-4A1A-8C8A-FF3C3BC349E4}
		{628B28AD-6681-400E-AFC9-115D755528B1} = {4304A087-23EC-4A1A-8C8A-FF3C3BC349E4}
		{0E4479EA-3EDC-444B-97A0-93A9FC6639E2} = {4304A087-23EC-4A1A-8C8A-FF3C3BC349E4}
	EndGlobalSection
	GlobalSection(ExtensibilityGlobals) = postSolution
		SolutionGuid = {C048176C-D76E-4FCA-B964-D4457CDFD716}
	EndGlobalSection
EndGlobal
